// !$*UTF8*$!
{
	archiveVersion = 1;
	classes = {};
	objectVersion = 56;
	objects = {

/* Begin PBXBuildFile section */
		100000000000000000000001 /* TunScopeApp.swift in Sources */ = {isa = PBXBuildFile; fileRef = 200000000000000000000001 /* TunScopeApp.swift */; };
		100000000000000000000002 /* ContentView.swift in Sources */ = {isa = PBXBuildFile; fileRef = 200000000000000000000002 /* ContentView.swift */; };
		100000000000000000000003 /* VPNController.swift in Sources */ = {isa = PBXBuildFile; fileRef = 200000000000000000000003 /* VPNController.swift */; };
		100000000000000000000004 /* AppSelection.swift in Sources */ = {isa = PBXBuildFile; fileRef = 200000000000000000000004 /* AppSelection.swift */; };
		100000000000000000000005 /* TargetApplication.swift in Sources */ = {isa = PBXBuildFile; fileRef = 200000000000000000000005 /* TargetApplication.swift */; };
		100000000000000000000006 /* Security.framework in Frameworks */ = {isa = PBXBuildFile; fileRef = 200000000000000000000006 /* Security.framework */; };
		100000000000000000000007 /* Assets.xcassets in Resources */ = {isa = PBXBuildFile; fileRef = 200000000000000000000010 /* Assets.xcassets */; };
/* End PBXBuildFile section */

/* Begin PBXFileReference section */
		200000000000000000000001 /* TunScopeApp.swift */ = {isa = PBXFileReference; lastKnownFileType = sourcecode.swift; path = TunScopeApp.swift; sourceTree = "<group>"; };
		200000000000000000000002 /* ContentView.swift */ = {isa = PBXFileReference; lastKnownFileType = sourcecode.swift; path = ContentView.swift; sourceTree = "<group>"; };
		200000000000000000000003 /* VPNController.swift */ = {isa = PBXFileReference; lastKnownFileType = sourcecode.swift; path = VPNController.swift; sourceTree = "<group>"; };
		200000000000000000000004 /* AppSelection.swift */ = {isa = PBXFileReference; lastKnownFileType = sourcecode.swift; path = AppSelection.swift; sourceTree = "<group>"; };
		200000000000000000000005 /* TargetApplication.swift */ = {isa = PBXFileReference; lastKnownFileType = sourcecode.swift; path = TargetApplication.swift; sourceTree = "<group>"; };
		200000000000000000000006 /* Security.framework */ = {isa = PBXFileReference; lastKnownFileType = wrapper.framework; name = Security.framework; path = System/Library/Frameworks/Security.framework; sourceTree = SDKROOT; };
		200000000000000000000007 /* Info.plist */ = {isa = PBXFileReference; lastKnownFileType = text.plist.xml; path = Info.plist; sourceTree = "<group>"; };
		200000000000000000000008 /* Developer.xcconfig */ = {isa = PBXFileReference; lastKnownFileType = text.xcconfig; path = Developer.xcconfig; sourceTree = "<group>"; };
		200000000000000000000009 /* TunScope.app */ = {isa = PBXFileReference; explicitFileType = wrapper.application; includeInIndex = 0; path = TunScope.app; sourceTree = BUILT_PRODUCTS_DIR; };
		200000000000000000000010 /* Assets.xcassets */ = {isa = PBXFileReference; lastKnownFileType = folder.assetcatalog; path = Assets.xcassets; sourceTree = "<group>"; };
/* End PBXFileReference section */

/* Begin PBXFrameworksBuildPhase section */
		600000000000000000000002 /* Frameworks */ = {
			isa = PBXFrameworksBuildPhase;
			buildActionMask = 2147483647;
			files = (100000000000000000000006 /* Security.framework in Frameworks */, );
			runOnlyForDeploymentPostprocessing = 0;
		};
/* End PBXFrameworksBuildPhase section */

/* Begin PBXGroup section */
		700000000000000000000001 = {
			isa = PBXGroup;
			children = (
				700000000000000000000002 /* TunScopeApp */,
				700000000000000000000003 /* Config */,
				700000000000000000000004 /* Frameworks */,
				700000000000000000000005 /* Products */,
			);
			sourceTree = "<group>";
		};
		700000000000000000000002 /* TunScopeApp */ = {
			isa = PBXGroup;
			children = (
				200000000000000000000001 /* TunScopeApp.swift */,
				200000000000000000000002 /* ContentView.swift */,
				200000000000000000000003 /* VPNController.swift */,
				200000000000000000000004 /* AppSelection.swift */,
				200000000000000000000005 /* TargetApplication.swift */,
				200000000000000000000007 /* Info.plist */,
				200000000000000000000010 /* Assets.xcassets */,
			);
			path = TunScopeApp;
			sourceTree = "<group>";
		};
		700000000000000000000003 /* Config */ = {
			isa = PBXGroup;
			children = (200000000000000000000008 /* Developer.xcconfig */, );
			path = Config;
			sourceTree = "<group>";
		};
		700000000000000000000004 /* Frameworks */ = {
			isa = PBXGroup;
			children = (200000000000000000000006 /* Security.framework */, );
			name = Frameworks;
			sourceTree = "<group>";
		};
		700000000000000000000005 /* Products */ = {
			isa = PBXGroup;
			children = (200000000000000000000009 /* TunScope.app */, );
			name = Products;
			sourceTree = "<group>";
		};
/* End PBXGroup section */

/* Begin PBXNativeTarget section */
		500000000000000000000001 /* TunScope */ = {
			isa = PBXNativeTarget;
			buildConfigurationList = 800000000000000000000002;
			buildPhases = (
				600000000000000000000001 /* Sources */,
				600000000000000000000002 /* Frameworks */,
				600000000000000000000003 /* Resources */,
				600000000000000000000004 /* Build Administrator Helper */,
			);
			buildRules = ();
			dependencies = ();
			name = TunScope;
			productName = TunScope;
			productReference = 200000000000000000000009 /* TunScope.app */;
			productType = "com.apple.product-type.application";
		};
/* End PBXNativeTarget section */

/* Begin PBXProject section */
		400000000000000000000001 /* Project object */ = {
			isa = PBXProject;
			attributes = {
				BuildIndependentTargetsInParallel = 1;
				LastSwiftUpdateCheck = 1640;
				LastUpgradeCheck = 1640;
				TargetAttributes = {
					500000000000000000000001 = {
						CreatedOnToolsVersion = 16.4;
						ProvisioningStyle = Manual;
					};
				};
			};
			buildConfigurationList = 800000000000000000000001;
			compatibilityVersion = "Xcode 14.0";
			developmentRegion = en;
			hasScannedForEncodings = 0;
			knownRegions = (en, Base, );
			mainGroup = 700000000000000000000001;
			productRefGroup = 700000000000000000000005 /* Products */;
			projectDirPath = "";
			projectRoot = "";
			targets = (500000000000000000000001 /* TunScope */, );
		};
/* End PBXProject section */

/* Begin PBXResourcesBuildPhase section */
		600000000000000000000003 /* Resources */ = {
			isa = PBXResourcesBuildPhase;
			buildActionMask = 2147483647;
			files = (100000000000000000000007 /* Assets.xcassets in Resources */, );
			runOnlyForDeploymentPostprocessing = 0;
		};
/* End PBXResourcesBuildPhase section */

/* Begin PBXShellScriptBuildPhase section */
		600000000000000000000004 /* Build Administrator Helper */ = {
			isa = PBXShellScriptBuildPhase;
			alwaysOutOfDate = 1;
			buildActionMask = 2147483647;
			files = ();
			inputPaths = (
				"$(PROJECT_DIR)/../cmd/tunscope/main.go",
				"$(PROJECT_DIR)/../internal/tunscope",
				"$(PROJECT_DIR)/../go.mod",
				"$(PROJECT_DIR)/../go.sum",
			);
			name = "Build Administrator Helper";
			outputPaths = ("$(TARGET_BUILD_DIR)/$(UNLOCALIZED_RESOURCES_FOLDER_PATH)/tunscope", );
			runOnlyForDeploymentPostprocessing = 0;
			shellPath = /bin/sh;
			shellScript = "\"$PROJECT_DIR/Scripts/build-helper.sh\"\n";
		};
/* End PBXShellScriptBuildPhase section */

/* Begin PBXSourcesBuildPhase section */
		600000000000000000000001 /* Sources */ = {
			isa = PBXSourcesBuildPhase;
			buildActionMask = 2147483647;
			files = (
				100000000000000000000001 /* TunScopeApp.swift in Sources */,
				100000000000000000000002 /* ContentView.swift in Sources */,
				100000000000000000000003 /* VPNController.swift in Sources */,
				100000000000000000000004 /* AppSelection.swift in Sources */,
				100000000000000000000005 /* TargetApplication.swift in Sources */,
			);
			runOnlyForDeploymentPostprocessing = 0;
		};
/* End PBXSourcesBuildPhase section */

/* Begin XCBuildConfiguration section */
		A00000000000000000000001 /* Debug */ = {
			isa = XCBuildConfiguration;
			baseConfigurationReference = 200000000000000000000008 /* Developer.xcconfig */;
			buildSettings = {
				CLANG_ENABLE_MODULES = YES;
				DEBUG_INFORMATION_FORMAT = dwarf;
				ENABLE_TESTABILITY = YES;
				ENABLE_USER_SCRIPT_SANDBOXING = NO;
				GCC_OPTIMIZATION_LEVEL = 0;
				ONLY_ACTIVE_ARCH = YES;
				SDKROOT = macosx;
				SWIFT_ACTIVE_COMPILATION_CONDITIONS = DEBUG;
				SWIFT_OPTIMIZATION_LEVEL = "-Onone";
			};
			name = Debug;
		};
		A00000000000000000000002 /* Release */ = {
			isa = XCBuildConfiguration;
			baseConfigurationReference = 200000000000000000000008 /* Developer.xcconfig */;
			buildSettings = {
				CLANG_ENABLE_MODULES = YES;
				DEBUG_INFORMATION_FORMAT = "dwarf-with-dsym";
				ENABLE_USER_SCRIPT_SANDBOXING = NO;
				SDKROOT = macosx;
				SWIFT_COMPILATION_MODE = wholemodule;
				SWIFT_OPTIMIZATION_LEVEL = "-O";
			};
			name = Release;
		};
		A00000000000000000000003 /* Debug */ = {
			isa = XCBuildConfiguration;
			baseConfigurationReference = 200000000000000000000008 /* Developer.xcconfig */;
			buildSettings = {
				ASSETCATALOG_COMPILER_APPICON_NAME = AppIcon;
				CODE_SIGN_IDENTITY = "-";
				CODE_SIGN_STYLE = Manual;
				COMBINE_HIDPI_IMAGES = YES;
				DEVELOPMENT_TEAM = "";
				ENABLE_HARDENED_RUNTIME = YES;
				INFOPLIST_FILE = TunScopeApp/Info.plist;
				LD_RUNPATH_SEARCH_PATHS = ("$(inherited)", "@executable_path/../Frameworks", );
				PRODUCT_BUNDLE_IDENTIFIER = "$(TUNSCOPE_BUNDLE_ID)";
				PRODUCT_NAME = "$(TARGET_NAME)";
				SWIFT_EMIT_LOC_STRINGS = YES;
				SWIFT_VERSION = 5.0;
			};
			name = Debug;
		};
		A00000000000000000000004 /* Release */ = {
			isa = XCBuildConfiguration;
			baseConfigurationReference = 200000000000000000000008 /* Developer.xcconfig */;
			buildSettings = {
				ASSETCATALOG_COMPILER_APPICON_NAME = AppIcon;
				CODE_SIGN_IDENTITY = "-";
				CODE_SIGN_STYLE = Manual;
				COMBINE_HIDPI_IMAGES = YES;
				DEVELOPMENT_TEAM = "";
				ENABLE_HARDENED_RUNTIME = YES;
				INFOPLIST_FILE = TunScopeApp/Info.plist;
				LD_RUNPATH_SEARCH_PATHS = ("$(inherited)", "@executable_path/../Frameworks", );
				PRODUCT_BUNDLE_IDENTIFIER = "$(TUNSCOPE_BUNDLE_ID)";
				PRODUCT_NAME = "$(TARGET_NAME)";
				SWIFT_EMIT_LOC_STRINGS = YES;
				SWIFT_VERSION = 5.0;
			};
			name = Release;
		};
/* End XCBuildConfiguration section */

/* Begin XCConfigurationList section */
		800000000000000000000001 /* Build configuration list for PBXProject "TunScope" */ = {
			isa = XCConfigurationList;
			buildConfigurations = (A00000000000000000000001 /* Debug */, A00000000000000000000002 /* Release */, );
			defaultConfigurationIsVisible = 0;
			defaultConfigurationName = Release;
		};
		800000000000000000000002 /* Build configuration list for PBXNativeTarget "TunScope" */ = {
			isa = XCConfigurationList;
			buildConfigurations = (A00000000000000000000003 /* Debug */, A00000000000000000000004 /* Release */, );
			defaultConfigurationIsVisible = 0;
			defaultConfigurationName = Release;
		};
/* End XCConfigurationList section */
	};
	rootObject = 400000000000000000000001 /* Project object */;
}
